
Microsoft Visual Studio Solution File, Format Version 12.00
# Visual Studio Version 16
VisualStudioVersion = 16.0.29519.87
MinimumVisualStudioVersion = 10.0.40219.1
Project("{9A19103F-16F7-4668-BE54-9A1E7A4F7556}") = "EgoEngineLibrary", "src\EgoEngineLibrary\EgoEngineLibrary.csproj", "{F86348B9-87B8-445D-912E-A1732439E36A}"
EndProject
Project("{9A19103F-16F7-4668-BE54-9A1E7A4F7556}") = "EgoCtfEditor", "src\EgoCtfEditor\EgoCtfEditor.csproj", "{9780FFCA-15B7-4779-A702-F610ECD13EBB}"
EndProject
Project("{9A19103F-16F7-4668-BE54-9A1E7A4F7556}") = "EgoDatabaseEditor", "src\EgoDatabaseEditor\EgoDatabaseEditor.csproj", "{C707EB7A-84D8-4167-9B7E-5B38525969F8}"
EndProject
Project("{FAE04EC0-301F-11D3-BF4B-00C04F79EFBC}") = "EgoLngEditor", "src\EgoLngEditor\EgoLngEditor.csproj", "{77AB17BD-707A-4FA0-9D16-C0CDEE0D7939}"
EndProject
Project("{FAE04EC0-301F-11D3-BF4B-00C04F79EFBC}") = "EgoTngEditor", "src\EgoTngEditor\EgoTngEditor.csproj", "{E921040B-99FF-4423-A18B-A69EF5F097DA}"
EndProject
Project("{FAE04EC0-301F-11D3-BF4B-00C04F79EFBC}") = "EgoJpkArchiver", "src\EgoJpkArchiver\EgoJpkArchiver.csproj", "{F437FCE3-6708-4E82-9603-9C63316AA13A}"
EndProject
Project("{9A19103F-16F7-4668-BE54-9A1E7A4F7556}") = "EgoPssgEditor", "src\EgoPssgEditor\EgoPssgEditor.csproj", "{B47E7D07-220B-4124-A084-AF255A80BE94}"
EndProject
Project("{FAE04EC0-301F-11D3-BF4B-00C04F79EFBC}") = "EgoFileConverter", "src\EgoFileConverter\EgoFileConverter.csproj", "{A0B471B4-42C7-4912-91A8-4182CEC2044B}"
EndProject
Project("{FAE04EC0-301F-11D3-BF4B-00C04F79EFBC}") = "EgoErpArchiverConsole", "src\EgoErpArchiverConsole\EgoErpArchiverConsole.csproj", "{B8C89F96-CB92-4214-957A-42148EE94C1F}"
EndProject
Project("{9A19103F-16F7-4668-BE54-9A1E7A4F7556}") = "EgoErpArchiver", "src\EgoErpArchiver\EgoErpArchiver.csproj", "{13AA9133-6B64-40D1-936B-569E7A624098}"
EndProject
Global
	GlobalSection(SolutionConfigurationPlatforms) = preSolution
		Debug|Any CPU = Debug|Any CPU
		Debug|Mixed Platforms = Debug|Mixed Platforms
		Debug|x86 = Debug|x86
		Release|Any CPU = Release|Any CPU
		Release|Mixed Platforms = Release|Mixed Platforms
		Release|x86 = Release|x86
	EndGlobalSection
	GlobalSection(ProjectConfigurationPlatforms) = postSolution
		{F86348B9-87B8-445D-912E-A1732439E36A}.Debug|Any CPU.ActiveCfg = Debug|Any CPU
		{F86348B9-87B8-445D-912E-A1732439E36A}.Debug|Any CPU.Build.0 = Debug|Any CPU
		{F86348B9-87B8-445D-912E-A1732439E36A}.Debug|Mixed Platforms.ActiveCfg = Debug|Any CPU
		{F86348B9-87B8-445D-912E-A1732439E36A}.Debug|Mixed Platforms.Build.0 = Debug|Any CPU
		{F86348B9-87B8-445D-912E-A1732439E36A}.Debug|x86.ActiveCfg = Debug|Any CPU
		{F86348B9-87B8-445D-912E-A1732439E36A}.Release|Any CPU.ActiveCfg = Release|Any CPU
		{F86348B9-87B8-445D-912E-A1732439E36A}.Release|Any CPU.Build.0 = Release|Any CPU
		{F86348B9-87B8-445D-912E-A1732439E36A}.Release|Mixed Platforms.ActiveCfg = Release|Any CPU
		{F86348B9-87B8-445D-912E-A1732439E36A}.Release|Mixed Platforms.Build.0 = Release|Any CPU
		{F86348B9-87B8-445D-912E-A1732439E36A}.Release|x86.ActiveCfg = Release|Any CPU
		{9780FFCA-15B7-4779-A702-F610ECD13EBB}.Debug|Any CPU.ActiveCfg = Debug|Any CPU
		{9780FFCA-15B7-4779-A702-F610ECD13EBB}.Debug|Any CPU.Build.0 = Debug|Any CPU
		{9780FFCA-15B7-4779-A702-F610ECD13EBB}.Debug|Mixed Platforms.ActiveCfg = Debug|Any CPU
		{9780FFCA-15B7-4779-A702-F610ECD13EBB}.Debug|Mixed Platforms.Build.0 = Debug|Any CPU
		{9780FFCA-15B7-4779-A702-F610ECD13EBB}.Debug|x86.ActiveCfg = Debug|Any CPU
		{9780FFCA-15B7-4779-A702-F610ECD13EBB}.Debug|x86.Build.0 = Debug|Any CPU
		{9780FFCA-15B7-4779-A702-F610ECD13EBB}.Release|Any CPU.ActiveCfg = Release|Any CPU
		{9780FFCA-15B7-4779-A702-F610ECD13EBB}.Release|Any CPU.Build.0 = Release|Any CPU
		{9780FFCA-15B7-4779-A702-F610ECD13EBB}.Release|Mixed Platforms.ActiveCfg = Release|Any CPU
		{9780FFCA-15B7-4779-A702-F610ECD13EBB}.Release|Mixed Platforms.Build.0 = Release|Any CPU
		{9780FFCA-15B7-4779-A702-F610ECD13EBB}.Release|x86.ActiveCfg = Release|Any CPU
		{9780FFCA-15B7-4779-A702-F610ECD13EBB}.Release|x86.Build.0 = Release|Any CPU
		{C707EB7A-84D8-4167-9B7E-5B38525969F8}.Debug|Any CPU.ActiveCfg = Debug|Any CPU
		{C707EB7A-84D8-4167-9B7E-5B38525969F8}.Debug|Any CPU.Build.0 = Debug|Any CPU
		{C707EB7A-84D8-4167-9B7E-5B38525969F8}.Debug|Mixed Platforms.ActiveCfg = Debug|Any CPU
		{C707EB7A-84D8-4167-9B7E-5B38525969F8}.Debug|Mixed Platforms.Build.0 = Debug|Any CPU
		{C707EB7A-84D8-4167-9B7E-5B38525969F8}.Debug|x86.ActiveCfg = Debug|Any CPU
		{C707EB7A-84D8-4167-9B7E-5B38525969F8}.Release|Any CPU.ActiveCfg = Release|Any CPU
		{C707EB7A-84D8-4167-9B7E-5B38525969F8}.Release|Any CPU.Build.0 = Release|Any CPU
		{C707EB7A-84D8-4167-9B7E-5B38525969F8}.Release|Mixed Platforms.ActiveCfg = Release|Any CPU
		{C707EB7A-84D8-4167-9B7E-5B38525969F8}.Release|Mixed Platforms.Build.0 = Release|Any CPU
		{C707EB7A-84D8-4167-9B7E-5B38525969F8}.Release|x86.ActiveCfg = Release|Any CPU
		{77AB17BD-707A-4FA0-9D16-C0CDEE0D7939}.Debug|Any CPU.ActiveCfg = Debug|Any CPU
		{77AB17BD-707A-4FA0-9D16-C0CDEE0D7939}.Debug|Any CPU.Build.0 = Debug|Any CPU
		{77AB17BD-707A-4FA0-9D16-C0CDEE0D7939}.Debug|Mixed Platforms.ActiveCfg = Debug|Any CPU
		{77AB17BD-707A-4FA0-9D16-C0CDEE0D7939}.Debug|Mixed Platforms.Build.0 = Debug|Any CPU
		{77AB17BD-707A-4FA0-9D16-C0CDEE0D7939}.Debug|x86.ActiveCfg = Debug|Any CPU
		{77AB17BD-707A-4FA0-9D16-C0CDEE0D7939}.Debug|x86.Build.0 = Debug|Any CPU
		{77AB17BD-707A-4FA0-9D16-C0CDEE0D7939}.Release|Any CPU.ActiveCfg = Release|Any CPU
		{77AB17BD-707A-4FA0-9D16-C0CDEE0D7939}.Release|Any CPU.Build.0 = Release|Any CPU
		{77AB17BD-707A-4FA0-9D16-C0CDEE0D7939}.Release|Mixed Platforms.ActiveCfg = Release|Any CPU
		{77AB17BD-707A-4FA0-9D16-C0CDEE0D7939}.Release|Mixed Platforms.Build.0 = Release|Any CPU
		{77AB17BD-707A-4FA0-9D16-C0CDEE0D7939}.Release|x86.ActiveCfg = Release|Any CPU
		{77AB17BD-707A-4FA0-9D16-C0CDEE0D7939}.Release|x86.Build.0 = Release|Any CPU
		{E921040B-99FF-4423-A18B-A69EF5F097DA}.Debug|Any CPU.ActiveCfg = Debug|Any CPU
		{E921040B-99FF-4423-A18B-A69EF5F097DA}.Debug|Any CPU.Build.0 = Debug|Any CPU
		{E921040B-99FF-4423-A18B-A69EF5F097DA}.Debug|Mixed Platforms.ActiveCfg = Debug|Any CPU
		{E921040B-99FF-4423-A18B-A69EF5F097DA}.Debug|Mixed Platforms.Build.0 = Debug|Any CPU
		{E921040B-99FF-4423-A18B-A69EF5F097DA}.Debug|x86.ActiveCfg = Debug|Any CPU
		{E921040B-99FF-4423-A18B-A69EF5F097DA}.Release|Any CPU.ActiveCfg = Release|Any CPU
		{E921040B-99FF-4423-A18B-A69EF5F097DA}.Release|Any CPU.Build.0 = Release|Any CPU
		{E921040B-99FF-4423-A18B-A69EF5F097DA}.Release|Mixed Platforms.ActiveCfg = Release|Any CPU
		{E921040B-99FF-4423-A18B-A69EF5F097DA}.Release|Mixed Platforms.Build.0 = Release|Any CPU
		{E921040B-99FF-4423-A18B-A69EF5F097DA}.Release|x86.ActiveCfg = Release|Any CPU
		{F437FCE3-6708-4E82-9603-9C63316AA13A}.Debug|Any CPU.ActiveCfg = Debug|Any CPU
		{F437FCE3-6708-4E82-9603-9C63316AA13A}.Debug|Any CPU.Build.0 = Debug|Any CPU
		{F437FCE3-6708-4E82-9603-9C63316AA13A}.Debug|Mixed Platforms.ActiveCfg = Debug|Any CPU
		{F437FCE3-6708-4E82-9603-9C63316AA13A}.Debug|Mixed Platforms.Build.0 = Debug|Any CPU
		{F437FCE3-6708-4E82-9603-9C63316AA13A}.Debug|x86.ActiveCfg = Debug|Any CPU
		{F437FCE3-6708-4E82-9603-9C63316AA13A}.Debug|x86.Build.0 = Debug|Any CPU
		{F437FCE3-6708-4E82-9603-9C63316AA13A}.Release|Any CPU.ActiveCfg = Release|Any CPU
		{F437FCE3-6708-4E82-9603-9C63316AA13A}.Release|Any CPU.Build.0 = Release|Any CPU
		{F437FCE3-6708-4E82-9603-9C63316AA13A}.Release|Mixed Platforms.ActiveCfg = Release|Any CPU
		{F437FCE3-6708-4E82-9603-9C63316AA13A}.Release|Mixed Platforms.Build.0 = Release|Any CPU
		{F437FCE3-6708-4E82-9603-9C63316AA13A}.Release|x86.ActiveCfg = Release|Any CPU
		{F437FCE3-6708-4E82-9603-9C63316AA13A}.Release|x86.Build.0 = Release|Any CPU
		{B47E7D07-220B-4124-A084-AF255A80BE94}.Debug|Any CPU.ActiveCfg = Debug|Any CPU
		{B47E7D07-220B-4124-A084-AF255A80BE94}.Debug|Any CPU.Build.0 = Debug|Any CPU
		{B47E7D07-220B-4124-A084-AF255A80BE94}.Debug|Mixed Platforms.ActiveCfg = Debug|Any CPU
		{B47E7D07-220B-4124-A084-AF255A80BE94}.Debug|Mixed Platforms.Build.0 = Debug|Any CPU
		{B47E7D07-220B-4124-A084-AF255A80BE94}.Debug|x86.ActiveCfg = Debug|Any CPU
		{B47E7D07-220B-4124-A084-AF255A80BE94}.Debug|x86.Build.0 = Debug|Any CPU
		{B47E7D07-220B-4124-A084-AF255A80BE94}.Release|Any CPU.ActiveCfg = Release|Any CPU
		{B47E7D07-220B-4124-A084-AF255A80BE94}.Release|Any CPU.Build.0 = Release|Any CPU
		{B47E7D07-220B-4124-A084-AF255A80BE94}.Release|Mixed Platforms.ActiveCfg = Release|Any CPU
		{B47E7D07-220B-4124-A084-AF255A80BE94}.Release|Mixed Platforms.Build.0 = Release|Any CPU
		{B47E7D07-220B-4124-A084-AF255A80BE94}.Release|x86.ActiveCfg = Release|Any CPU
		{B47E7D07-220B-4124-A084-AF255A80BE94}.Release|x86.Build.0 = Release|Any CPU
		{A0B471B4-42C7-4912-91A8-4182CEC2044B}.Debug|Any CPU.ActiveCfg = Debug|Any CPU
		{A0B471B4-42C7-4912-91A8-4182CEC2044B}.Debug|Any CPU.Build.0 = Debug|Any CPU
		{A0B471B4-42C7-4912-91A8-4182CEC2044B}.Debug|Mixed Platforms.ActiveCfg = Debug|Any CPU
		{A0B471B4-42C7-4912-91A8-4182CEC2044B}.Debug|Mixed Platforms.Build.0 = Debug|Any CPU
		{A0B471B4-42C7-4912-91A8-4182CEC2044B}.Debug|x86.ActiveCfg = Debug|Any CPU
		{A0B471B4-42C7-4912-91A8-4182CEC2044B}.Debug|x86.Build.0 = Debug|Any CPU
		{A0B471B4-42C7-4912-91A8-4182CEC2044B}.Release|Any CPU.ActiveCfg = Release|Any CPU
		{A0B471B4-42C7-4912-91A8-4182CEC2044B}.Release|Any CPU.Build.0 = Release|Any CPU
		{A0B471B4-42C7-4912-91A8-4182CEC2044B}.Release|Mixed Platforms.ActiveCfg = Release|Any CPU
		{A0B471B4-42C7-4912-91A8-4182CEC2044B}.Release|Mixed Platforms.Build.0 = Release|Any CPU
		{A0B471B4-42C7-4912-91A8-4182CEC2044B}.Release|x86.ActiveCfg = Release|Any CPU
		{A0B471B4-42C7-4912-91A8-4182CEC2044B}.Release|x86.Build.0 = Release|Any CPU
		{B8C89F96-CB92-4214-957A-42148EE94C1F}.Debug|Any CPU.ActiveCfg = Debug|Any CPU
		{B8C89F96-CB92-4214-957A-42148EE94C1F}.Debug|Any CPU.Build.0 = Debug|Any CPU
		{B8C89F96-CB92-4214-957A-42148EE94C1F}.Debug|Mixed Platforms.ActiveCfg = Debug|Any CPU
		{B8C89F96-CB92-4214-957A-42148EE94C1F}.Debug|Mixed Platforms.Build.0 = Debug|Any CPU
		{B8C89F96-CB92-4214-957A-42148EE94C1F}.Debug|x86.ActiveCfg = Debug|Any CPU
		{B8C89F96-CB92-4214-957A-42148EE94C1F}.Debug|x86.Build.0 = Debug|Any CPU
		{B8C89F96-CB92-4214-957A-42148EE94C1F}.Release|Any CPU.ActiveCfg = Release|Any CPU
		{B8C89F96-CB92-4214-957A-42148EE94C1F}.Release|Any CPU.Build.0 = Release|Any CPU
		{B8C89F96-CB92-4214-957A-42148EE94C1F}.Release|Mixed Platforms.ActiveCfg = Release|Any CPU
		{B8C89F96-CB92-4214-957A-42148EE94C1F}.Release|Mixed Platforms.Build.0 = Release|Any CPU
		{B8C89F96-CB92-4214-957A-42148EE94C1F}.Release|x86.ActiveCfg = Release|Any CPU
		{B8C89F96-CB92-4214-957A-42148EE94C1F}.Release|x86.Build.0 = Release|Any CPU
		{13AA9133-6B64-40D1-936B-569E7A624098}.Debug|Any CPU.ActiveCfg = Debug|Any CPU
		{13AA9133-6B64-40D1-936B-569E7A624098}.Debug|Any CPU.Build.0 = Debug|Any CPU
		{13AA9133-6B64-40D1-936B-569E7A624098}.Debug|Mixed Platforms.ActiveCfg = Debug|Any CPU
		{13AA9133-6B64-40D1-936B-569E7A624098}.Debug|Mixed Platforms.Build.0 = Debug|Any CPU
		{13AA9133-6B64-40D1-936B-569E7A624098}.Debug|x86.ActiveCfg = Debug|Any CPU
		{13AA9133-6B64-40D1-936B-569E7A624098}.Debug|x86.Build.0 = Debug|Any CPU
		{13AA9133-6B64-40D1-936B-569E7A624098}.Release|Any CPU.ActiveCfg = Release|Any CPU
		{13AA9133-6B64-40D1-936B-569E7A624098}.Release|Any CPU.Build.0 = Release|Any CPU
		{13AA9133-6B64-40D1-936B-569E7A624098}.Release|Mixed Platforms.ActiveCfg = Release|Any CPU
		{13AA9133-6B64-40D1-936B-569E7A624098}.Release|Mixed Platforms.Build.0 = Release|Any CPU
		{13AA9133-6B64-40D1-936B-569E7A624098}.Release|x86.ActiveCfg = Release|Any CPU
		{13AA9133-6B64-40D1-936B-569E7A624098}.Release|x86.Build.0 = Release|Any CPU
	EndGlobalSection
	GlobalSection(SolutionProperties) = preSolution
		HideSolutionNode = FALSE
	EndGlobalSection
	GlobalSection(ExtensibilityGlobals) = postSolution
		SolutionGuid = {FC8CC901-46DD-4BAD-862D-83BD470DED88}
	EndGlobalSection
EndGlobal
