
Microsoft Visual Studio Solution File, Format Version 12.00
# Visual Studio 2013
VisualStudioVersion = 12.0.31101.0
MinimumVisualStudioVersion = 10.0.40219.1
Project("{FAE04EC0-301F-11D3-BF4B-00C04F79EFBC}") = "EgoEngineLibrary", "EgoEngineLibrary\EgoEngineLibrary.csproj", "{F86348B9-87B8-445D-912E-A1732439E36A}"
EndProject
Project("{FAE04EC0-301F-11D3-BF4B-00C04F79EFBC}") = "EgoCtfEditor", "..\ECE\EgoCtfEditor\EgoCtfEditor.csproj", "{9780FFCA-15B7-4779-A702-F610ECD13EBB}"
EndProject
Project("{FAE04EC0-301F-11D3-BF4B-00C04F79EFBC}") = "EgoDatabaseEditor", "..\EDE\EgoDatabaseEditor\EgoDatabaseEditor.csproj", "{C707EB7A-84D8-4167-9B7E-5B38525969F8}"
EndProject
Project("{FAE04EC0-301F-11D3-BF4B-00C04F79EFBC}") = "EgoJpkExtractor", "..\EJE\EgoJpkExtractor\EgoJpkExtractor.csproj", "{F437FCE3-6708-4E82-9603-9C63316AA13A}"
EndProject
Project("{FAE04EC0-301F-11D3-BF4B-00C04F79EFBC}") = "EgoLngEditor", "..\ELE\EgoLngEditor\EgoLngEditor.csproj", "{77AB17BD-707A-4FA0-9D16-C0CDEE0D7939}"
EndProject
Project("{FAE04EC0-301F-11D3-BF4B-00C04F79EFBC}") = "EgoTngEditor", "..\ETE\EgoTngEditor\EgoTngEditor.csproj", "{E921040B-99FF-4423-A18B-A69EF5F097DA}"
EndProject
Project("{FAE04EC0-301F-11D3-BF4B-00C04F79EFBC}") = "EgoBxmlConverterConsole", "..\EBC\EgoBxmlConverterConsole\EgoBxmlConverterConsole.csproj", "{01EFFFA7-DC56-489C-9058-E99D89C40D44}"
EndProject
Project("{FAE04EC0-301F-11D3-BF4B-00C04F79EFBC}") = "EgoPssgEditor", "..\EPE\EgoPssgEditor\EgoPssgEditor.csproj", "{1BCE5895-D6C0-48D6-B8D4-A3B59CFB4E49}"
EndProject
Global
	GlobalSection(SolutionConfigurationPlatforms) = preSolution
		Debug|Any CPU = Debug|Any CPU
		Debug|Mixed Platforms = Debug|Mixed Platforms
		Debug|x86 = Debug|x86
		Release|Any CPU = Release|Any CPU
		Release|Mixed Platforms = Release|Mixed Platforms
		Release|x86 = Release|x86
	EndGlobalSection
	GlobalSection(ProjectConfigurationPlatforms) = postSolution
		{F86348B9-87B8-445D-912E-A1732439E36A}.Debug|Any CPU.ActiveCfg = Debug|Any CPU
		{F86348B9-87B8-445D-912E-A1732439E36A}.Debug|Any CPU.Build.0 = Debug|Any CPU
		{F86348B9-87B8-445D-912E-A1732439E36A}.Debug|Mixed Platforms.ActiveCfg = Debug|Any CPU
		{F86348B9-87B8-445D-912E-A1732439E36A}.Debug|Mixed Platforms.Build.0 = Debug|Any CPU
		{F86348B9-87B8-445D-912E-A1732439E36A}.Debug|x86.ActiveCfg = Debug|Any CPU
		{F86348B9-87B8-445D-912E-A1732439E36A}.Release|Any CPU.ActiveCfg = Release|Any CPU
		{F86348B9-87B8-445D-912E-A1732439E36A}.Release|Any CPU.Build.0 = Release|Any CPU
		{F86348B9-87B8-445D-912E-A1732439E36A}.Release|Mixed Platforms.ActiveCfg = Release|Any CPU
		{F86348B9-87B8-445D-912E-A1732439E36A}.Release|Mixed Platforms.Build.0 = Release|Any CPU
		{F86348B9-87B8-445D-912E-A1732439E36A}.Release|x86.ActiveCfg = Release|Any CPU
		{9780FFCA-15B7-4779-A702-F610ECD13EBB}.Debug|Any CPU.ActiveCfg = Debug|x86
		{9780FFCA-15B7-4779-A702-F610ECD13EBB}.Debug|Mixed Platforms.ActiveCfg = Debug|x86
		{9780FFCA-15B7-4779-A702-F610ECD13EBB}.Debug|Mixed Platforms.Build.0 = Debug|x86
		{9780FFCA-15B7-4779-A702-F610ECD13EBB}.Debug|x86.ActiveCfg = Debug|x86
		{9780FFCA-15B7-4779-A702-F610ECD13EBB}.Debug|x86.Build.0 = Debug|x86
		{9780FFCA-15B7-4779-A702-F610ECD13EBB}.Release|Any CPU.ActiveCfg = Release|x86
		{9780FFCA-15B7-4779-A702-F610ECD13EBB}.Release|Mixed Platforms.ActiveCfg = Release|x86
		{9780FFCA-15B7-4779-A702-F610ECD13EBB}.Release|Mixed Platforms.Build.0 = Release|x86
		{9780FFCA-15B7-4779-A702-F610ECD13EBB}.Release|x86.ActiveCfg = Release|x86
		{9780FFCA-15B7-4779-A702-F610ECD13EBB}.Release|x86.Build.0 = Release|x86
		{C707EB7A-84D8-4167-9B7E-5B38525969F8}.Debug|Any CPU.ActiveCfg = Debug|Any CPU
		{C707EB7A-84D8-4167-9B7E-5B38525969F8}.Debug|Any CPU.Build.0 = Debug|Any CPU
		{C707EB7A-84D8-4167-9B7E-5B38525969F8}.Debug|Mixed Platforms.ActiveCfg = Debug|Any CPU
		{C707EB7A-84D8-4167-9B7E-5B38525969F8}.Debug|Mixed Platforms.Build.0 = Debug|Any CPU
		{C707EB7A-84D8-4167-9B7E-5B38525969F8}.Debug|x86.ActiveCfg = Debug|Any CPU
		{C707EB7A-84D8-4167-9B7E-5B38525969F8}.Release|Any CPU.ActiveCfg = Release|Any CPU
		{C707EB7A-84D8-4167-9B7E-5B38525969F8}.Release|Any CPU.Build.0 = Release|Any CPU
		{C707EB7A-84D8-4167-9B7E-5B38525969F8}.Release|Mixed Platforms.ActiveCfg = Release|Any CPU
		{C707EB7A-84D8-4167-9B7E-5B38525969F8}.Release|Mixed Platforms.Build.0 = Release|Any CPU
		{C707EB7A-84D8-4167-9B7E-5B38525969F8}.Release|x86.ActiveCfg = Release|Any CPU
		{F437FCE3-6708-4E82-9603-9C63316AA13A}.Debug|Any CPU.ActiveCfg = Debug|x86
		{F437FCE3-6708-4E82-9603-9C63316AA13A}.Debug|Mixed Platforms.ActiveCfg = Debug|x86
		{F437FCE3-6708-4E82-9603-9C63316AA13A}.Debug|Mixed Platforms.Build.0 = Debug|x86
		{F437FCE3-6708-4E82-9603-9C63316AA13A}.Debug|x86.ActiveCfg = Debug|x86
		{F437FCE3-6708-4E82-9603-9C63316AA13A}.Debug|x86.Build.0 = Debug|x86
		{F437FCE3-6708-4E82-9603-9C63316AA13A}.Release|Any CPU.ActiveCfg = Release|x86
		{F437FCE3-6708-4E82-9603-9C63316AA13A}.Release|Mixed Platforms.ActiveCfg = Release|x86
		{F437FCE3-6708-4E82-9603-9C63316AA13A}.Release|Mixed Platforms.Build.0 = Release|x86
		{F437FCE3-6708-4E82-9603-9C63316AA13A}.Release|x86.ActiveCfg = Release|x86
		{F437FCE3-6708-4E82-9603-9C63316AA13A}.Release|x86.Build.0 = Release|x86
		{77AB17BD-707A-4FA0-9D16-C0CDEE0D7939}.Debug|Any CPU.ActiveCfg = Debug|x86
		{77AB17BD-707A-4FA0-9D16-C0CDEE0D7939}.Debug|Mixed Platforms.ActiveCfg = Debug|x86
		{77AB17BD-707A-4FA0-9D16-C0CDEE0D7939}.Debug|Mixed Platforms.Build.0 = Debug|x86
		{77AB17BD-707A-4FA0-9D16-C0CDEE0D7939}.Debug|x86.ActiveCfg = Debug|x86
		{77AB17BD-707A-4FA0-9D16-C0CDEE0D7939}.Debug|x86.Build.0 = Debug|x86
		{77AB17BD-707A-4FA0-9D16-C0CDEE0D7939}.Release|Any CPU.ActiveCfg = Release|x86
		{77AB17BD-707A-4FA0-9D16-C0CDEE0D7939}.Release|Mixed Platforms.ActiveCfg = Release|x86
		{77AB17BD-707A-4FA0-9D16-C0CDEE0D7939}.Release|Mixed Platforms.Build.0 = Release|x86
		{77AB17BD-707A-4FA0-9D16-C0CDEE0D7939}.Release|x86.ActiveCfg = Release|x86
		{77AB17BD-707A-4FA0-9D16-C0CDEE0D7939}.Release|x86.Build.0 = Release|x86
		{E921040B-99FF-4423-A18B-A69EF5F097DA}.Debug|Any CPU.ActiveCfg = Debug|Any CPU
		{E921040B-99FF-4423-A18B-A69EF5F097DA}.Debug|Any CPU.Build.0 = Debug|Any CPU
		{E921040B-99FF-4423-A18B-A69EF5F097DA}.Debug|Mixed Platforms.ActiveCfg = Debug|Any CPU
		{E921040B-99FF-4423-A18B-A69EF5F097DA}.Debug|Mixed Platforms.Build.0 = Debug|Any CPU
		{E921040B-99FF-4423-A18B-A69EF5F097DA}.Debug|x86.ActiveCfg = Debug|Any CPU
		{E921040B-99FF-4423-A18B-A69EF5F097DA}.Release|Any CPU.ActiveCfg = Release|Any CPU
		{E921040B-99FF-4423-A18B-A69EF5F097DA}.Release|Any CPU.Build.0 = Release|Any CPU
		{E921040B-99FF-4423-A18B-A69EF5F097DA}.Release|Mixed Platforms.ActiveCfg = Release|Any CPU
		{E921040B-99FF-4423-A18B-A69EF5F097DA}.Release|Mixed Platforms.Build.0 = Release|Any CPU
		{E921040B-99FF-4423-A18B-A69EF5F097DA}.Release|x86.ActiveCfg = Release|Any CPU
		{01EFFFA7-DC56-489C-9058-E99D89C40D44}.Debug|Any CPU.ActiveCfg = Debug|x86
		{01EFFFA7-DC56-489C-9058-E99D89C40D44}.Debug|Mixed Platforms.ActiveCfg = Debug|x86
		{01EFFFA7-DC56-489C-9058-E99D89C40D44}.Debug|Mixed Platforms.Build.0 = Debug|x86
		{01EFFFA7-DC56-489C-9058-E99D89C40D44}.Debug|x86.ActiveCfg = Debug|x86
		{01EFFFA7-DC56-489C-9058-E99D89C40D44}.Debug|x86.Build.0 = Debug|x86
		{01EFFFA7-DC56-489C-9058-E99D89C40D44}.Release|Any CPU.ActiveCfg = Release|x86
		{01EFFFA7-DC56-489C-9058-E99D89C40D44}.Release|Mixed Platforms.ActiveCfg = Release|x86
		{01EFFFA7-DC56-489C-9058-E99D89C40D44}.Release|Mixed Platforms.Build.0 = Release|x86
		{01EFFFA7-DC56-489C-9058-E99D89C40D44}.Release|x86.ActiveCfg = Release|x86
		{01EFFFA7-DC56-489C-9058-E99D89C40D44}.Release|x86.Build.0 = Release|x86
		{1BCE5895-D6C0-48D6-B8D4-A3B59CFB4E49}.Debug|Any CPU.ActiveCfg = Debug|x86
		{1BCE5895-D6C0-48D6-B8D4-A3B59CFB4E49}.Debug|Mixed Platforms.ActiveCfg = Debug|x86
		{1BCE5895-D6C0-48D6-B8D4-A3B59CFB4E49}.Debug|Mixed Platforms.Build.0 = Debug|x86
		{1BCE5895-D6C0-48D6-B8D4-A3B59CFB4E49}.Debug|x86.ActiveCfg = Debug|x86
		{1BCE5895-D6C0-48D6-B8D4-A3B59CFB4E49}.Debug|x86.Build.0 = Debug|x86
		{1BCE5895-D6C0-48D6-B8D4-A3B59CFB4E49}.Release|Any CPU.ActiveCfg = Release|x86
		{1BCE5895-D6C0-48D6-B8D4-A3B59CFB4E49}.Release|Mixed Platforms.ActiveCfg = Release|x86
		{1BCE5895-D6C0-48D6-B8D4-A3B59CFB4E49}.Release|Mixed Platforms.Build.0 = Release|x86
		{1BCE5895-D6C0-48D6-B8D4-A3B59CFB4E49}.Release|x86.ActiveCfg = Release|x86
		{1BCE5895-D6C0-48D6-B8D4-A3B59CFB4E49}.Release|x86.Build.0 = Release|x86
	EndGlobalSection
	GlobalSection(SolutionProperties) = preSolution
		HideSolutionNode = FALSE
	EndGlobalSection
EndGlobal
